{
  "pins" : [
    {
      "identity" : "sdwebimage",
      "kind" : "remoteSourceControl",
      "location" : "https://github.com/SDWebImage/SDWebImage",
      "state" : {
        "branch" : "master",
        "revision" : "484bc774e1091f622c4856e576ff957b29403676"
      }
    }
  ],
  "version" : 2
}
