// !$*UTF8*$!
{
	archiveVersion = 1;
	classes = {
	};
	objectVersion = 55;
	objects = {

/* Begin PBXBuildFile section */
		1500A9BE28DFB5AD0026C4DE /* UpcomingTableViewCell.swift in Sources */ = {isa = PBXBuildFile; fileRef = 1500A9BD28DFB5AD0026C4DE /* UpcomingTableViewCell.swift */; };
		1500A9C028DFB7260026C4DE /* Extensions.swift in Sources */ = {isa = PBXBuildFile; fileRef = 1500A9BF28DFB7260026C4DE /* Extensions.swift */; };
		1500A9C228DFB82A0026C4DE /* UpcomingsPresentation.swift in Sources */ = {isa = PBXBuildFile; fileRef = 1500A9C128DFB82A0026C4DE /* UpcomingsPresentation.swift */; };
		1519A0B828C6B72900B58DDD /* AppDelegate.swift in Sources */ = {isa = PBXBuildFile; fileRef = 1519A0B728C6B72900B58DDD /* AppDelegate.swift */; };
		1519A0BA28C6B72900B58DDD /* SceneDelegate.swift in Sources */ = {isa = PBXBuildFile; fileRef = 1519A0B928C6B72900B58DDD /* SceneDelegate.swift */; };
		1519A0BC28C6B72900B58DDD /* HomeViewController.swift in Sources */ = {isa = PBXBuildFile; fileRef = 1519A0BB28C6B72900B58DDD /* HomeViewController.swift */; };
		1519A0C128C6B72B00B58DDD /* Assets.xcassets in Resources */ = {isa = PBXBuildFile; fileRef = 1519A0C028C6B72B00B58DDD /* Assets.xcassets */; };
		1519A0C428C6B72B00B58DDD /* LaunchScreen.storyboard in Resources */ = {isa = PBXBuildFile; fileRef = 1519A0C228C6B72B00B58DDD /* LaunchScreen.storyboard */; };
		1519A0D228C7B66200B58DDD /* TabBarViewController.swift in Sources */ = {isa = PBXBuildFile; fileRef = 1519A0D128C7B66200B58DDD /* TabBarViewController.swift */; };
		1519A0D528C7BBBB00B58DDD /* SearchViewController.swift in Sources */ = {isa = PBXBuildFile; fileRef = 1519A0D428C7BBBB00B58DDD /* SearchViewController.swift */; };
		1519A0D728C7BBCC00B58DDD /* DownloadsViewController.swift in Sources */ = {isa = PBXBuildFile; fileRef = 1519A0D628C7BBCC00B58DDD /* DownloadsViewController.swift */; };
		1519A0D928C7BC4100B58DDD /* UpcomingViewController.swift in Sources */ = {isa = PBXBuildFile; fileRef = 1519A0D828C7BC4100B58DDD /* UpcomingViewController.swift */; };
		151ABCDA28E609CF00DB8066 /* OverviewView.swift in Sources */ = {isa = PBXBuildFile; fileRef = 151ABCD928E609CF00DB8066 /* OverviewView.swift */; };
		151BD96A28E70F6A0061FE82 /* CastCollectionViewCell.swift in Sources */ = {isa = PBXBuildFile; fileRef = 151BD96928E70F6A0061FE82 /* CastCollectionViewCell.swift */; };
		151BD96C28E76DB80061FE82 /* CastResponse.swift in Sources */ = {isa = PBXBuildFile; fileRef = 151BD96B28E76DB80061FE82 /* CastResponse.swift */; };
		1538F62128EDBE1400A1841F /* SnapKit in Frameworks */ = {isa = PBXBuildFile; productRef = 1538F62028EDBE1400A1841F /* SnapKit */; };
		159FB5B828DF00510066974F /* APIConstants.swift in Sources */ = {isa = PBXBuildFile; fileRef = 159FB5B728DF00510066974F /* APIConstants.swift */; };
		159FB5BA28DF03BE0066974F /* MovieResponse.swift in Sources */ = {isa = PBXBuildFile; fileRef = 159FB5B928DF03BE0066974F /* MovieResponse.swift */; };
		159FB5BC28DF17B10066974F /* MoviePresentation.swift in Sources */ = {isa = PBXBuildFile; fileRef = 159FB5BB28DF17B10066974F /* MoviePresentation.swift */; };
		159FB5BF28DF18C30066974F /* SDWebImage in Frameworks */ = {isa = PBXBuildFile; productRef = 159FB5BE28DF18C30066974F /* SDWebImage */; };
		15A3338628E164700075CF6F /* Endpoints.swift in Sources */ = {isa = PBXBuildFile; fileRef = 15A3338528E164700075CF6F /* Endpoints.swift */; };
		15A3338828E16C640075CF6F /* TVResponse.swift in Sources */ = {isa = PBXBuildFile; fileRef = 15A3338728E16C640075CF6F /* TVResponse.swift */; };
		15A3338A28E1A6E10075CF6F /* MovieDetailsViewController.swift in Sources */ = {isa = PBXBuildFile; fileRef = 15A3338928E1A6E10075CF6F /* MovieDetailsViewController.swift */; };
		15A3ECF028C7D44C000C45A5 /* SectionHeaderCollectionReusableView.swift in Sources */ = {isa = PBXBuildFile; fileRef = 15A3ECEF28C7D44C000C45A5 /* SectionHeaderCollectionReusableView.swift */; };
		15A3ECF228C7E998000C45A5 /* MovieCollectionViewCell.swift in Sources */ = {isa = PBXBuildFile; fileRef = 15A3ECF128C7E998000C45A5 /* MovieCollectionViewCell.swift */; };
		15A3ECF428C7EC0B000C45A5 /* HomeViewController + Extension.swift in Sources */ = {isa = PBXBuildFile; fileRef = 15A3ECF328C7EC0B000C45A5 /* HomeViewController + Extension.swift */; };
		15C7FB4228E30E3C00A27CB6 /* YoutubeService.swift in Sources */ = {isa = PBXBuildFile; fileRef = 15C7FB4128E30E3C00A27CB6 /* YoutubeService.swift */; };
		15C7FB4428E313F100A27CB6 /* YoutubeResponse.swift in Sources */ = {isa = PBXBuildFile; fileRef = 15C7FB4328E313F100A27CB6 /* YoutubeResponse.swift */; };
		15C7FB4628E43DC400A27CB6 /* MovieDetailsResponse.swift in Sources */ = {isa = PBXBuildFile; fileRef = 15C7FB4528E43DC400A27CB6 /* MovieDetailsResponse.swift */; };
		15C7FB4928E4484800A27CB6 /* MovieTitleView.swift in Sources */ = {isa = PBXBuildFile; fileRef = 15C7FB4828E4484800A27CB6 /* MovieTitleView.swift */; };
		15EB2BD428D3717D00920973 /* MovieService.swift in Sources */ = {isa = PBXBuildFile; fileRef = 15EB2BD328D3717D00920973 /* MovieService.swift */; };
		15EB2BD628D3719400920973 /* APISettings.swift in Sources */ = {isa = PBXBuildFile; fileRef = 15EB2BD528D3719400920973 /* APISettings.swift */; };
/* End PBXBuildFile section */

/* Begin PBXFileReference section */
		1500A9BD28DFB5AD0026C4DE /* UpcomingTableViewCell.swift */ = {isa = PBXFileReference; lastKnownFileType = sourcecode.swift; path = UpcomingTableViewCell.swift; sourceTree = "<group>"; };
		1500A9BF28DFB7260026C4DE /* Extensions.swift */ = {isa = PBXFileReference; lastKnownFileType = sourcecode.swift; path = Extensions.swift; sourceTree = "<group>"; };
		1500A9C128DFB82A0026C4DE /* UpcomingsPresentation.swift */ = {isa = PBXFileReference; lastKnownFileType = sourcecode.swift; path = UpcomingsPresentation.swift; sourceTree = "<group>"; };
		1519A0B428C6B72900B58DDD /* watchflix.app */ = {isa = PBXFileReference; explicitFileType = wrapper.application; includeInIndex = 0; path = watchflix.app; sourceTree = BUILT_PRODUCTS_DIR; };
		1519A0B728C6B72900B58DDD /* AppDelegate.swift */ = {isa = PBXFileReference; lastKnownFileType = sourcecode.swift; path = AppDelegate.swift; sourceTree = "<group>"; };
		1519A0B928C6B72900B58DDD /* SceneDelegate.swift */ = {isa = PBXFileReference; lastKnownFileType = sourcecode.swift; path = SceneDelegate.swift; sourceTree = "<group>"; };
		1519A0BB28C6B72900B58DDD /* HomeViewController.swift */ = {isa = PBXFileReference; lastKnownFileType = sourcecode.swift; path = HomeViewController.swift; sourceTree = "<group>"; };
		1519A0C028C6B72B00B58DDD /* Assets.xcassets */ = {isa = PBXFileReference; lastKnownFileType = folder.assetcatalog; path = Assets.xcassets; sourceTree = "<group>"; };
		1519A0C328C6B72B00B58DDD /* Base */ = {isa = PBXFileReference; lastKnownFileType = file.storyboard; name = Base; path = Base.lproj/LaunchScreen.storyboard; sourceTree = "<group>"; };
		1519A0C528C6B72B00B58DDD /* Info.plist */ = {isa = PBXFileReference; lastKnownFileType = text.plist.xml; path = Info.plist; sourceTree = "<group>"; };
		1519A0D128C7B66200B58DDD /* TabBarViewController.swift */ = {isa = PBXFileReference; lastKnownFileType = sourcecode.swift; path = TabBarViewController.swift; sourceTree = "<group>"; };
		1519A0D428C7BBBB00B58DDD /* SearchViewController.swift */ = {isa = PBXFileReference; lastKnownFileType = sourcecode.swift; path = SearchViewController.swift; sourceTree = "<group>"; };
		1519A0D628C7BBCC00B58DDD /* DownloadsViewController.swift */ = {isa = PBXFileReference; lastKnownFileType = sourcecode.swift; path = DownloadsViewController.swift; sourceTree = "<group>"; };
		1519A0D828C7BC4100B58DDD /* UpcomingViewController.swift */ = {isa = PBXFileReference; lastKnownFileType = sourcecode.swift; path = UpcomingViewController.swift; sourceTree = "<group>"; };
		151ABCD928E609CF00DB8066 /* OverviewView.swift */ = {isa = PBXFileReference; lastKnownFileType = sourcecode.swift; path = OverviewView.swift; sourceTree = "<group>"; };
		151BD96928E70F6A0061FE82 /* CastCollectionViewCell.swift */ = {isa = PBXFileReference; lastKnownFileType = sourcecode.swift; path = CastCollectionViewCell.swift; sourceTree = "<group>"; };
		151BD96B28E76DB80061FE82 /* CastResponse.swift */ = {isa = PBXFileReference; lastKnownFileType = sourcecode.swift; path = CastResponse.swift; sourceTree = "<group>"; };
		159FB5B728DF00510066974F /* APIConstants.swift */ = {isa = PBXFileReference; lastKnownFileType = sourcecode.swift; path = APIConstants.swift; sourceTree = "<group>"; };
		159FB5B928DF03BE0066974F /* MovieResponse.swift */ = {isa = PBXFileReference; lastKnownFileType = sourcecode.swift; path = MovieResponse.swift; sourceTree = "<group>"; };
		159FB5BB28DF17B10066974F /* MoviePresentation.swift */ = {isa = PBXFileReference; lastKnownFileType = sourcecode.swift; path = MoviePresentation.swift; sourceTree = "<group>"; };
		15A3338528E164700075CF6F /* Endpoints.swift */ = {isa = PBXFileReference; lastKnownFileType = sourcecode.swift; path = Endpoints.swift; sourceTree = "<group>"; };
		15A3338728E16C640075CF6F /* TVResponse.swift */ = {isa = PBXFileReference; lastKnownFileType = sourcecode.swift; path = TVResponse.swift; sourceTree = "<group>"; };
		15A3338928E1A6E10075CF6F /* MovieDetailsViewController.swift */ = {isa = PBXFileReference; lastKnownFileType = sourcecode.swift; path = MovieDetailsViewController.swift; sourceTree = "<group>"; };
		15A3ECEF28C7D44C000C45A5 /* SectionHeaderCollectionReusableView.swift */ = {isa = PBXFileReference; lastKnownFileType = sourcecode.swift; path = SectionHeaderCollectionReusableView.swift; sourceTree = "<group>"; };
		15A3ECF128C7E998000C45A5 /* MovieCollectionViewCell.swift */ = {isa = PBXFileReference; lastKnownFileType = sourcecode.swift; path = MovieCollectionViewCell.swift; sourceTree = "<group>"; };
		15A3ECF328C7EC0B000C45A5 /* HomeViewController + Extension.swift */ = {isa = PBXFileReference; lastKnownFileType = sourcecode.swift; path = "HomeViewController + Extension.swift"; sourceTree = "<group>"; };
		15C7FB4128E30E3C00A27CB6 /* YoutubeService.swift */ = {isa = PBXFileReference; lastKnownFileType = sourcecode.swift; path = YoutubeService.swift; sourceTree = "<group>"; };
		15C7FB4328E313F100A27CB6 /* YoutubeResponse.swift */ = {isa = PBXFileReference; lastKnownFileType = sourcecode.swift; path = YoutubeResponse.swift; sourceTree = "<group>"; };
		15C7FB4528E43DC400A27CB6 /* MovieDetailsResponse.swift */ = {isa = PBXFileReference; lastKnownFileType = sourcecode.swift; path = MovieDetailsResponse.swift; sourceTree = "<group>"; };
		15C7FB4828E4484800A27CB6 /* MovieTitleView.swift */ = {isa = PBXFileReference; lastKnownFileType = sourcecode.swift; path = MovieTitleView.swift; sourceTree = "<group>"; };
		15EB2BD328D3717D00920973 /* MovieService.swift */ = {isa = PBXFileReference; lastKnownFileType = sourcecode.swift; path = MovieService.swift; sourceTree = "<group>"; };
		15EB2BD528D3719400920973 /* APISettings.swift */ = {isa = PBXFileReference; lastKnownFileType = sourcecode.swift; path = APISettings.swift; sourceTree = "<group>"; };
/* End PBXFileReference section */

/* Begin PBXFrameworksBuildPhase section */
		1519A0B128C6B72900B58DDD /* Frameworks */ = {
			isa = PBXFrameworksBuildPhase;
			buildActionMask = 2147483647;
			files = (
				159FB5BF28DF18C30066974F /* SDWebImage in Frameworks */,
				1538F62128EDBE1400A1841F /* SnapKit in Frameworks */,
			);
			runOnlyForDeploymentPostprocessing = 0;
		};
/* End PBXFrameworksBuildPhase section */

/* Begin PBXGroup section */
		1500A9BC28DFB58E0026C4DE /* Upcomings */ = {
			isa = PBXGroup;
			children = (
				1500A9BD28DFB5AD0026C4DE /* UpcomingTableViewCell.swift */,
			);
			path = Upcomings;
			sourceTree = "<group>";
		};
		1519A0AB28C6B72900B58DDD = {
			isa = PBXGroup;
			children = (
				1519A0B628C6B72900B58DDD /* watchflix */,
				1519A0B528C6B72900B58DDD /* Products */,
			);
			sourceTree = "<group>";
		};
		1519A0B528C6B72900B58DDD /* Products */ = {
			isa = PBXGroup;
			children = (
				1519A0B428C6B72900B58DDD /* watchflix.app */,
			);
			name = Products;
			sourceTree = "<group>";
		};
		1519A0B628C6B72900B58DDD /* watchflix */ = {
			isa = PBXGroup;
			children = (
				1519A0CB28C7B5C100B58DDD /* Resources */,
				159FB5C028DF1F5A0066974F /* Presentations */,
				1519A0D028C7B60200B58DDD /* Helpers */,
				1519A0CF28C7B5F800B58DDD /* Networking */,
				1519A0CD28C7B5DD00B58DDD /* Model */,
				1519A0CE28C7B5E500B58DDD /* Views */,
				1519A0CC28C7B5D000B58DDD /* Controllers */,
				1519A0C228C6B72B00B58DDD /* LaunchScreen.storyboard */,
				1519A0C528C6B72B00B58DDD /* Info.plist */,
			);
			path = watchflix;
			sourceTree = "<group>";
		};
		1519A0CB28C7B5C100B58DDD /* Resources */ = {
			isa = PBXGroup;
			children = (
				1519A0B728C6B72900B58DDD /* AppDelegate.swift */,
				1519A0B928C6B72900B58DDD /* SceneDelegate.swift */,
				1519A0C028C6B72B00B58DDD /* Assets.xcassets */,
				1500A9BF28DFB7260026C4DE /* Extensions.swift */,
			);
			path = Resources;
			sourceTree = "<group>";
		};
		1519A0CC28C7B5D000B58DDD /* Controllers */ = {
			isa = PBXGroup;
			children = (
				1519A0D328C7BB9F00B58DDD /* Core */,
				15A3338928E1A6E10075CF6F /* MovieDetailsViewController.swift */,
			);
			path = Controllers;
			sourceTree = "<group>";
		};
		1519A0CD28C7B5DD00B58DDD /* Model */ = {
			isa = PBXGroup;
			children = (
				159FB5B928DF03BE0066974F /* MovieResponse.swift */,
				15A3338728E16C640075CF6F /* TVResponse.swift */,
				15C7FB4328E313F100A27CB6 /* YoutubeResponse.swift */,
				15C7FB4528E43DC400A27CB6 /* MovieDetailsResponse.swift */,
				151BD96B28E76DB80061FE82 /* CastResponse.swift */,
			);
			path = Model;
			sourceTree = "<group>";
		};
		1519A0CE28C7B5E500B58DDD /* Views */ = {
			isa = PBXGroup;
			children = (
				15C7FB4728E4479400A27CB6 /* MovieDetails */,
				1500A9BC28DFB58E0026C4DE /* Upcomings */,
				15A3ECED28C7C501000C45A5 /* Home */,
			);
			path = Views;
			sourceTree = "<group>";
		};
		1519A0CF28C7B5F800B58DDD /* Networking */ = {
			isa = PBXGroup;
			children = (
				159FB5B728DF00510066974F /* APIConstants.swift */,
				15EB2BD528D3719400920973 /* APISettings.swift */,
				15EB2BD328D3717D00920973 /* MovieService.swift */,
				15C7FB4128E30E3C00A27CB6 /* YoutubeService.swift */,
				15A3338528E164700075CF6F /* Endpoints.swift */,
			);
			path = Networking;
			sourceTree = "<group>";
		};
		1519A0D028C7B60200B58DDD /* Helpers */ = {
			isa = PBXGroup;
			children = (
			);
			path = Helpers;
			sourceTree = "<group>";
		};
		1519A0D328C7BB9F00B58DDD /* Core */ = {
			isa = PBXGroup;
			children = (
				1519A0D128C7B66200B58DDD /* TabBarViewController.swift */,
				15A3ECF528C7EC5B000C45A5 /* Home */,
				1519A0D428C7BBBB00B58DDD /* SearchViewController.swift */,
				1519A0D628C7BBCC00B58DDD /* DownloadsViewController.swift */,
				1519A0D828C7BC4100B58DDD /* UpcomingViewController.swift */,
			);
			path = Core;
			sourceTree = "<group>";
		};
		151BD96828E70F4B0061FE82 /* CastView */ = {
			isa = PBXGroup;
			children = (
				151BD96928E70F6A0061FE82 /* CastCollectionViewCell.swift */,
			);
			path = CastView;
			sourceTree = "<group>";
		};
		159FB5C028DF1F5A0066974F /* Presentations */ = {
			isa = PBXGroup;
			children = (
				159FB5BB28DF17B10066974F /* MoviePresentation.swift */,
				1500A9C128DFB82A0026C4DE /* UpcomingsPresentation.swift */,
			);
			path = Presentations;
			sourceTree = "<group>";
		};
		15A3ECED28C7C501000C45A5 /* Home */ = {
			isa = PBXGroup;
			children = (
				15A3ECEF28C7D44C000C45A5 /* SectionHeaderCollectionReusableView.swift */,
				15A3ECF128C7E998000C45A5 /* MovieCollectionViewCell.swift */,
			);
			path = Home;
			sourceTree = "<group>";
		};
		15A3ECF528C7EC5B000C45A5 /* Home */ = {
			isa = PBXGroup;
			children = (
				1519A0BB28C6B72900B58DDD /* HomeViewController.swift */,
				15A3ECF328C7EC0B000C45A5 /* HomeViewController + Extension.swift */,
			);
			path = Home;
			sourceTree = "<group>";
		};
		15C7FB4728E4479400A27CB6 /* MovieDetails */ = {
			isa = PBXGroup;
			children = (
				151BD96828E70F4B0061FE82 /* CastView */,
				15C7FB4828E4484800A27CB6 /* MovieTitleView.swift */,
				151ABCD928E609CF00DB8066 /* OverviewView.swift */,
			);
			path = MovieDetails;
			sourceTree = "<group>";
		};
/* End PBXGroup section */

/* Begin PBXNativeTarget section */
		1519A0B328C6B72900B58DDD /* watchflix */ = {
			isa = PBXNativeTarget;
			buildConfigurationList = 1519A0C828C6B72B00B58DDD /* Build configuration list for PBXNativeTarget "watchflix" */;
			buildPhases = (
				1519A0B028C6B72900B58DDD /* Sources */,
				1519A0B128C6B72900B58DDD /* Frameworks */,
				1519A0B228C6B72900B58DDD /* Resources */,
			);
			buildRules = (
			);
			dependencies = (
			);
			name = watchflix;
			packageProductDependencies = (
				159FB5BE28DF18C30066974F /* SDWebImage */,
				1538F62028EDBE1400A1841F /* SnapKit */,
			);
			productName = "netflix-clone";
			productReference = 1519A0B428C6B72900B58DDD /* watchflix.app */;
			productType = "com.apple.product-type.application";
		};
/* End PBXNativeTarget section */

/* Begin PBXProject section */
		1519A0AC28C6B72900B58DDD /* Project object */ = {
			isa = PBXProject;
			attributes = {
				BuildIndependentTargetsInParallel = 1;
				LastSwiftUpdateCheck = 1340;
				LastUpgradeCheck = 1340;
				TargetAttributes = {
					1519A0B328C6B72900B58DDD = {
						CreatedOnToolsVersion = 13.4.1;
					};
				};
			};
			buildConfigurationList = 1519A0AF28C6B72900B58DDD /* Build configuration list for PBXProject "watchflix" */;
			compatibilityVersion = "Xcode 13.0";
			developmentRegion = en;
			hasScannedForEncodings = 0;
			knownRegions = (
				en,
				Base,
			);
			mainGroup = 1519A0AB28C6B72900B58DDD;
			packageReferences = (
				159FB5BD28DF18C30066974F /* XCRemoteSwiftPackageReference "SDWebImage" */,
				1538F61F28EDBE1400A1841F /* XCRemoteSwiftPackageReference "SnapKit" */,
			);
			productRefGroup = 1519A0B528C6B72900B58DDD /* Products */;
			projectDirPath = "";
			projectRoot = "";
			targets = (
				1519A0B328C6B72900B58DDD /* watchflix */,
			);
		};
/* End PBXProject section */

/* Begin PBXResourcesBuildPhase section */
		1519A0B228C6B72900B58DDD /* Resources */ = {
			isa = PBXResourcesBuildPhase;
			buildActionMask = 2147483647;
			files = (
				1519A0C428C6B72B00B58DDD /* LaunchScreen.storyboard in Resources */,
				1519A0C128C6B72B00B58DDD /* Assets.xcassets in Resources */,
			);
			runOnlyForDeploymentPostprocessing = 0;
		};
/* End PBXResourcesBuildPhase section */

/* Begin PBXSourcesBuildPhase section */
		1519A0B028C6B72900B58DDD /* Sources */ = {
			isa = PBXSourcesBuildPhase;
			buildActionMask = 2147483647;
			files = (
				159FB5BA28DF03BE0066974F /* MovieResponse.swift in Sources */,
				151BD96A28E70F6A0061FE82 /* CastCollectionViewCell.swift in Sources */,
				1519A0D528C7BBBB00B58DDD /* SearchViewController.swift in Sources */,
				1519A0BC28C6B72900B58DDD /* HomeViewController.swift in Sources */,
				159FB5B828DF00510066974F /* APIConstants.swift in Sources */,
				15C7FB4428E313F100A27CB6 /* YoutubeResponse.swift in Sources */,
				1519A0D728C7BBCC00B58DDD /* DownloadsViewController.swift in Sources */,
				1519A0D228C7B66200B58DDD /* TabBarViewController.swift in Sources */,
				1519A0B828C6B72900B58DDD /* AppDelegate.swift in Sources */,
				15A3ECF428C7EC0B000C45A5 /* HomeViewController + Extension.swift in Sources */,
				15A3ECF028C7D44C000C45A5 /* SectionHeaderCollectionReusableView.swift in Sources */,
				15A3ECF228C7E998000C45A5 /* MovieCollectionViewCell.swift in Sources */,
				1519A0BA28C6B72900B58DDD /* SceneDelegate.swift in Sources */,
				15A3338A28E1A6E10075CF6F /* MovieDetailsViewController.swift in Sources */,
				1500A9BE28DFB5AD0026C4DE /* UpcomingTableViewCell.swift in Sources */,
				15A3338828E16C640075CF6F /* TVResponse.swift in Sources */,
				159FB5BC28DF17B10066974F /* MoviePresentation.swift in Sources */,
				1519A0D928C7BC4100B58DDD /* UpcomingViewController.swift in Sources */,
				15C7FB4928E4484800A27CB6 /* MovieTitleView.swift in Sources */,
				15A3338628E164700075CF6F /* Endpoints.swift in Sources */,
				15C7FB4628E43DC400A27CB6 /* MovieDetailsResponse.swift in Sources */,
				15C7FB4228E30E3C00A27CB6 /* YoutubeService.swift in Sources */,
				151BD96C28E76DB80061FE82 /* CastResponse.swift in Sources */,
				1500A9C028DFB7260026C4DE /* Extensions.swift in Sources */,
				15EB2BD628D3719400920973 /* APISettings.swift in Sources */,
				1500A9C228DFB82A0026C4DE /* UpcomingsPresentation.swift in Sources */,
				15EB2BD428D3717D00920973 /* MovieService.swift in Sources */,
				151ABCDA28E609CF00DB8066 /* OverviewView.swift in Sources */,
			);
			runOnlyForDeploymentPostprocessing = 0;
		};
/* End PBXSourcesBuildPhase section */

/* Begin PBXVariantGroup section */
		1519A0C228C6B72B00B58DDD /* LaunchScreen.storyboard */ = {
			isa = PBXVariantGroup;
			children = (
				1519A0C328C6B72B00B58DDD /* Base */,
			);
			name = LaunchScreen.storyboard;
			sourceTree = "<group>";
		};
/* End PBXVariantGroup section */

/* Begin XCBuildConfiguration section */
		1519A0C628C6B72B00B58DDD /* Debug */ = {
			isa = XCBuildConfiguration;
			buildSettings = {
				ALWAYS_SEARCH_USER_PATHS = NO;
				CLANG_ANALYZER_NONNULL = YES;
				CLANG_ANALYZER_NUMBER_OBJECT_CONVERSION = YES_AGGRESSIVE;
				CLANG_CXX_LANGUAGE_STANDARD = "gnu++17";
				CLANG_ENABLE_MODULES = YES;
				CLANG_ENABLE_OBJC_ARC = YES;
				CLANG_ENABLE_OBJC_WEAK = YES;
				CLANG_WARN_BLOCK_CAPTURE_AUTORELEASING = YES;
				CLANG_WARN_BOOL_CONVERSION = YES;
				CLANG_WARN_COMMA = YES;
				CLANG_WARN_CONSTANT_CONVERSION = YES;
				CLANG_WARN_DEPRECATED_OBJC_IMPLEMENTATIONS = YES;
				CLANG_WARN_DIRECT_OBJC_ISA_USAGE = YES_ERROR;
				CLANG_WARN_DOCUMENTATION_COMMENTS = YES;
				CLANG_WARN_EMPTY_BODY = YES;
				CLANG_WARN_ENUM_CONVERSION = YES;
				CLANG_WARN_INFINITE_RECURSION = YES;
				CLANG_WARN_INT_CONVERSION = YES;
				CLANG_WARN_NON_LITERAL_NULL_CONVERSION = YES;
				CLANG_WARN_OBJC_IMPLICIT_RETAIN_SELF = YES;
				CLANG_WARN_OBJC_LITERAL_CONVERSION = YES;
				CLANG_WARN_OBJC_ROOT_CLASS = YES_ERROR;
				CLANG_WARN_QUOTED_INCLUDE_IN_FRAMEWORK_HEADER = YES;
				CLANG_WARN_RANGE_LOOP_ANALYSIS = YES;
				CLANG_WARN_STRICT_PROTOTYPES = YES;
				CLANG_WARN_SUSPICIOUS_MOVE = YES;
				CLANG_WARN_UNGUARDED_AVAILABILITY = YES_AGGRESSIVE;
				CLANG_WARN_UNREACHABLE_CODE = YES;
				CLANG_WARN__DUPLICATE_METHOD_MATCH = YES;
				COPY_PHASE_STRIP = NO;
				DEBUG_INFORMATION_FORMAT = dwarf;
				ENABLE_STRICT_OBJC_MSGSEND = YES;
				ENABLE_TESTABILITY = YES;
				GCC_C_LANGUAGE_STANDARD = gnu11;
				GCC_DYNAMIC_NO_PIC = NO;
				GCC_NO_COMMON_BLOCKS = YES;
				GCC_OPTIMIZATION_LEVEL = 0;
				GCC_PREPROCESSOR_DEFINITIONS = (
					"DEBUG=1",
					"$(inherited)",
				);
				GCC_WARN_64_TO_32_BIT_CONVERSION = YES;
				GCC_WARN_ABOUT_RETURN_TYPE = YES_ERROR;
				GCC_WARN_UNDECLARED_SELECTOR = YES;
				GCC_WARN_UNINITIALIZED_AUTOS = YES_AGGRESSIVE;
				GCC_WARN_UNUSED_FUNCTION = YES;
				GCC_WARN_UNUSED_VARIABLE = YES;
				IPHONEOS_DEPLOYMENT_TARGET = 15.0;
				MTL_ENABLE_DEBUG_INFO = INCLUDE_SOURCE;
				MTL_FAST_MATH = YES;
				ONLY_ACTIVE_ARCH = YES;
				SDKROOT = iphoneos;
				SWIFT_ACTIVE_COMPILATION_CONDITIONS = DEBUG;
				SWIFT_OPTIMIZATION_LEVEL = "-Onone";
			};
			name = Debug;
		};
		1519A0C728C6B72B00B58DDD /* Release */ = {
			isa = XCBuildConfiguration;
			buildSettings = {
				ALWAYS_SEARCH_USER_PATHS = NO;
				CLANG_ANALYZER_NONNULL = YES;
				CLANG_ANALYZER_NUMBER_OBJECT_CONVERSION = YES_AGGRESSIVE;
				CLANG_CXX_LANGUAGE_STANDARD = "gnu++17";
				CLANG_ENABLE_MODULES = YES;
				CLANG_ENABLE_OBJC_ARC = YES;
				CLANG_ENABLE_OBJC_WEAK = YES;
				CLANG_WARN_BLOCK_CAPTURE_AUTORELEASING = YES;
				CLANG_WARN_BOOL_CONVERSION = YES;
				CLANG_WARN_COMMA = YES;
				CLANG_WARN_CONSTANT_CONVERSION = YES;
				CLANG_WARN_DEPRECATED_OBJC_IMPLEMENTATIONS = YES;
				CLANG_WARN_DIRECT_OBJC_ISA_USAGE = YES_ERROR;
				CLANG_WARN_DOCUMENTATION_COMMENTS = YES;
				CLANG_WARN_EMPTY_BODY = YES;
				CLANG_WARN_ENUM_CONVERSION = YES;
				CLANG_WARN_INFINITE_RECURSION = YES;
				CLANG_WARN_INT_CONVERSION = YES;
				CLANG_WARN_NON_LITERAL_NULL_CONVERSION = YES;
				CLANG_WARN_OBJC_IMPLICIT_RETAIN_SELF = YES;
				CLANG_WARN_OBJC_LITERAL_CONVERSION = YES;
				CLANG_WARN_OBJC_ROOT_CLASS = YES_ERROR;
				CLANG_WARN_QUOTED_INCLUDE_IN_FRAMEWORK_HEADER = YES;
				CLANG_WARN_RANGE_LOOP_ANALYSIS = YES;
				CLANG_WARN_STRICT_PROTOTYPES = YES;
				CLANG_WARN_SUSPICIOUS_MOVE = YES;
				CLANG_WARN_UNGUARDED_AVAILABILITY = YES_AGGRESSIVE;
				CLANG_WARN_UNREACHABLE_CODE = YES;
				CLANG_WARN__DUPLICATE_METHOD_MATCH = YES;
				COPY_PHASE_STRIP = NO;
				DEBUG_INFORMATION_FORMAT = "dwarf-with-dsym";
				ENABLE_NS_ASSERTIONS = NO;
				ENABLE_STRICT_OBJC_MSGSEND = YES;
				GCC_C_LANGUAGE_STANDARD = gnu11;
				GCC_NO_COMMON_BLOCKS = YES;
				GCC_WARN_64_TO_32_BIT_CONVERSION = YES;
				GCC_WARN_ABOUT_RETURN_TYPE = YES_ERROR;
				GCC_WARN_UNDECLARED_SELECTOR = YES;
				GCC_WARN_UNINITIALIZED_AUTOS = YES_AGGRESSIVE;
				GCC_WARN_UNUSED_FUNCTION = YES;
				GCC_WARN_UNUSED_VARIABLE = YES;
				IPHONEOS_DEPLOYMENT_TARGET = 15.0;
				MTL_ENABLE_DEBUG_INFO = NO;
				MTL_FAST_MATH = YES;
				SDKROOT = iphoneos;
				SWIFT_COMPILATION_MODE = wholemodule;
				SWIFT_OPTIMIZATION_LEVEL = "-O";
				VALIDATE_PRODUCT = YES;
			};
			name = Release;
		};
		1519A0C928C6B72B00B58DDD /* Debug */ = {
			isa = XCBuildConfiguration;
			buildSettings = {
				ASSETCATALOG_COMPILER_APPICON_NAME = AppIcon;
				ASSETCATALOG_COMPILER_GLOBAL_ACCENT_COLOR_NAME = AccentColor;
				CODE_SIGN_STYLE = Automatic;
				CURRENT_PROJECT_VERSION = 1;
				DEVELOPMENT_TEAM = 6H545JDNRG;
				GENERATE_INFOPLIST_FILE = YES;
				INFOPLIST_FILE = watchflix/info.plist;
				INFOPLIST_KEY_CFBundleDisplayName = Trailerz;
				INFOPLIST_KEY_UIApplicationSupportsIndirectInputEvents = YES;
				INFOPLIST_KEY_UILaunchStoryboardName = LaunchScreen;
				INFOPLIST_KEY_UISupportedInterfaceOrientations_iPad = "UIInterfaceOrientationPortrait UIInterfaceOrientationPortraitUpsideDown UIInterfaceOrientationLandscapeLeft UIInterfaceOrientationLandscapeRight";
				INFOPLIST_KEY_UISupportedInterfaceOrientations_iPhone = "UIInterfaceOrientationPortrait UIInterfaceOrientationLandscapeLeft UIInterfaceOrientationLandscapeRight";
				LD_RUNPATH_SEARCH_PATHS = (
					"$(inherited)",
					"@executable_path/Frameworks",
				);
				MARKETING_VERSION = 1.0;
				PRODUCT_BUNDLE_IDENTIFIER = "com.alpsu.netflix-clone";
				PRODUCT_NAME = "$(TARGET_NAME)";
				SWIFT_EMIT_LOC_STRINGS = YES;
				SWIFT_VERSION = 5.0;
				TARGETED_DEVICE_FAMILY = "1,2";
			};
			name = Debug;
		};
		1519A0CA28C6B72B00B58DDD /* Release */ = {
			isa = XCBuildConfiguration;
			buildSettings = {
				ASSETCATALOG_COMPILER_APPICON_NAME = AppIcon;
				ASSETCATALOG_COMPILER_GLOBAL_ACCENT_COLOR_NAME = AccentColor;
				CODE_SIGN_STYLE = Automatic;
				CURRENT_PROJECT_VERSION = 1;
				DEVELOPMENT_TEAM = 6H545JDNRG;
				GENERATE_INFOPLIST_FILE = YES;
				INFOPLIST_FILE = watchflix/info.plist;
				INFOPLIST_KEY_CFBundleDisplayName = Trailerz;
				INFOPLIST_KEY_UIApplicationSupportsIndirectInputEvents = YES;
				INFOPLIST_KEY_UILaunchStoryboardName = LaunchScreen;
				INFOPLIST_KEY_UISupportedInterfaceOrientations_iPad = "UIInterfaceOrientationPortrait UIInterfaceOrientationPortraitUpsideDown UIInterfaceOrientationLandscapeLeft UIInterfaceOrientationLandscapeRight";
				INFOPLIST_KEY_UISupportedInterfaceOrientations_iPhone = "UIInterfaceOrientationPortrait UIInterfaceOrientationLandscapeLeft UIInterfaceOrientationLandscapeRight";
				LD_RUNPATH_SEARCH_PATHS = (
					"$(inherited)",
					"@executable_path/Frameworks",
				);
				MARKETING_VERSION = 1.0;
				PRODUCT_BUNDLE_IDENTIFIER = "com.alpsu.netflix-clone";
				PRODUCT_NAME = "$(TARGET_NAME)";
				SWIFT_EMIT_LOC_STRINGS = YES;
				SWIFT_VERSION = 5.0;
				TARGETED_DEVICE_FAMILY = "1,2";
			};
			name = Release;
		};
/* End XCBuildConfiguration section */

/* Begin XCConfigurationList section */
		1519A0AF28C6B72900B58DDD /* Build configuration list for PBXProject "watchflix" */ = {
			isa = XCConfigurationList;
			buildConfigurations = (
				1519A0C628C6B72B00B58DDD /* Debug */,
				1519A0C728C6B72B00B58DDD /* Release */,
			);
			defaultConfigurationIsVisible = 0;
			defaultConfigurationName = Release;
		};
		1519A0C828C6B72B00B58DDD /* Build configuration list for PBXNativeTarget "watchflix" */ = {
			isa = XCConfigurationList;
			buildConfigurations = (
				1519A0C928C6B72B00B58DDD /* Debug */,
				1519A0CA28C6B72B00B58DDD /* Release */,
			);
			defaultConfigurationIsVisible = 0;
			defaultConfigurationName = Release;
		};
/* End XCConfigurationList section */

/* Begin XCRemoteSwiftPackageReference section */
		1538F61F28EDBE1400A1841F /* XCRemoteSwiftPackageReference "SnapKit" */ = {
			isa = XCRemoteSwiftPackageReference;
			repositoryURL = "https://github.com/SnapKit/SnapKit";
			requirement = {
				kind = upToNextMajorVersion;
				minimumVersion = 5.0.0;
			};
		};
		159FB5BD28DF18C30066974F /* XCRemoteSwiftPackageReference "SDWebImage" */ = {
			isa = XCRemoteSwiftPackageReference;
			repositoryURL = "https://github.com/SDWebImage/SDWebImage";
			requirement = {
				branch = master;
				kind = branch;
			};
		};
/* End XCRemoteSwiftPackageReference section */

/* Begin XCSwiftPackageProductDependency section */
		1538F62028EDBE1400A1841F /* SnapKit */ = {
			isa = XCSwiftPackageProductDependency;
			package = 1538F61F28EDBE1400A1841F /* XCRemoteSwiftPackageReference "SnapKit" */;
			productName = SnapKit;
		};
		159FB5BE28DF18C30066974F /* SDWebImage */ = {
			isa = XCSwiftPackageProductDependency;
			package = 159FB5BD28DF18C30066974F /* XCRemoteSwiftPackageReference "SDWebImage" */;
			productName = SDWebImage;
		};
/* End XCSwiftPackageProductDependency section */
	};
	rootObject = 1519A0AC28C6B72900B58DDD /* Project object */;
}
